
Microsoft Visual Studio Solution File, Format Version 12.00
# Visual Studio Version 17
VisualStudioVersion = 17.9.34607.119
MinimumVisualStudioVersion = 10.0.40219.1
Project("{FAE04EC0-301F-11D3-BF4B-00C04F79EFBC}") = "tamrin 6.6", "tamrin 6.6\tamrin 6.6.csproj", "{FE0D96C0-3E3B-488D-8D4A-146ABF4E258B}"
EndProject
Global
	GlobalSection(SolutionConfigurationPlatforms) = preSolution
		Debug|Any CPU = Debug|Any CPU
		Release|Any CPU = Release|Any CPU
	EndGlobalSection
	GlobalSection(ProjectConfigurationPlatforms) = postSolution
		{FE0D96C0-3E3B-488D-8D4A-146ABF4E258B}.Debug|Any CPU.ActiveCfg = Debug|Any CPU
		{FE0D96C0-3E3B-488D-8D4A-146ABF4E258B}.Debug|Any CPU.Build.0 = Debug|Any CPU
		{FE0D96C0-3E3B-488D-8D4A-146ABF4E258B}.Release|Any CPU.ActiveCfg = Release|Any CPU
		{FE0D96C0-3E3B-488D-8D4A-146ABF4E258B}.Release|Any CPU.Build.0 = Release|Any CPU
	EndGlobalSection
	GlobalSection(SolutionProperties) = preSolution
		HideSolutionNode = FALSE
	EndGlobalSection
	GlobalSection(ExtensibilityGlobals) = postSolution
		SolutionGuid = {8761E852-C9FF-4592-8816-132BD9F8E18F}
	EndGlobalSection
EndGlobal
