
Microsoft Visual Studio Solution File, Format Version 12.00
# Visual Studio Version 17
VisualStudioVersion = 17.9.34607.119
MinimumVisualStudioVersion = 10.0.40219.1
Project("{FAE04EC0-301F-11D3-BF4B-00C04F79EFBC}") = "tamrin 6.1", "tamrin 6.1\tamrin 6.1.csproj", "{4D4871B8-AD0E-4640-BAE4-4159DCAA3D18}"
EndProject
Global
	GlobalSection(SolutionConfigurationPlatforms) = preSolution
		Debug|Any CPU = Debug|Any CPU
		Release|Any CPU = Release|Any CPU
	EndGlobalSection
	GlobalSection(ProjectConfigurationPlatforms) = postSolution
		{4D4871B8-AD0E-4640-BAE4-4159DCAA3D18}.Debug|Any CPU.ActiveCfg = Debug|Any CPU
		{4D4871B8-AD0E-4640-BAE4-4159DCAA3D18}.Debug|Any CPU.Build.0 = Debug|Any CPU
		{4D4871B8-AD0E-4640-BAE4-4159DCAA3D18}.Release|Any CPU.ActiveCfg = Release|Any CPU
		{4D4871B8-AD0E-4640-BAE4-4159DCAA3D18}.Release|Any CPU.Build.0 = Release|Any CPU
	EndGlobalSection
	GlobalSection(SolutionProperties) = preSolution
		HideSolutionNode = FALSE
	EndGlobalSection
	GlobalSection(ExtensibilityGlobals) = postSolution
		SolutionGuid = {1887788D-36D0-41A3-9633-DB853DF31443}
	EndGlobalSection
EndGlobal
