
Microsoft Visual Studio Solution File, Format Version 12.00
# Visual Studio Version 17
VisualStudioVersion = 17.9.34607.119
MinimumVisualStudioVersion = 10.0.40219.1
Project("{FAE04EC0-301F-11D3-BF4B-00C04F79EFBC}") = "tamrin 2-10", "tamrin 2-10\tamrin 2-10.csproj", "{49F43083-F3C8-46D8-9F58-85F8631D85E6}"
EndProject
Global
	GlobalSection(SolutionConfigurationPlatforms) = preSolution
		Debug|Any CPU = Debug|Any CPU
		Release|Any CPU = Release|Any CPU
	EndGlobalSection
	GlobalSection(ProjectConfigurationPlatforms) = postSolution
		{49F43083-F3C8-46D8-9F58-85F8631D85E6}.Debug|Any CPU.ActiveCfg = Debug|Any CPU
		{49F43083-F3C8-46D8-9F58-85F8631D85E6}.Debug|Any CPU.Build.0 = Debug|Any CPU
		{49F43083-F3C8-46D8-9F58-85F8631D85E6}.Release|Any CPU.ActiveCfg = Release|Any CPU
		{49F43083-F3C8-46D8-9F58-85F8631D85E6}.Release|Any CPU.Build.0 = Release|Any CPU
	EndGlobalSection
	GlobalSection(SolutionProperties) = preSolution
		HideSolutionNode = FALSE
	EndGlobalSection
	GlobalSection(ExtensibilityGlobals) = postSolution
		SolutionGuid = {F7871A65-06F6-43DE-8A89-B9811326AEAA}
	EndGlobalSection
EndGlobal
