
Microsoft Visual Studio Solution File, Format Version 12.00
# Visual Studio Version 17
VisualStudioVersion = 17.9.34607.119
MinimumVisualStudioVersion = 10.0.40219.1
Project("{FAE04EC0-301F-11D3-BF4B-00C04F79EFBC}") = "tamrin 6.5", "tamrin 6.5\tamrin 6.5.csproj", "{D5CA2F8F-5C5E-454A-A11C-57BFEEA8154C}"
EndProject
Global
	GlobalSection(SolutionConfigurationPlatforms) = preSolution
		Debug|Any CPU = Debug|Any CPU
		Release|Any CPU = Release|Any CPU
	EndGlobalSection
	GlobalSection(ProjectConfigurationPlatforms) = postSolution
		{D5CA2F8F-5C5E-454A-A11C-57BFEEA8154C}.Debug|Any CPU.ActiveCfg = Debug|Any CPU
		{D5CA2F8F-5C5E-454A-A11C-57BFEEA8154C}.Debug|Any CPU.Build.0 = Debug|Any CPU
		{D5CA2F8F-5C5E-454A-A11C-57BFEEA8154C}.Release|Any CPU.ActiveCfg = Release|Any CPU
		{D5CA2F8F-5C5E-454A-A11C-57BFEEA8154C}.Release|Any CPU.Build.0 = Release|Any CPU
	EndGlobalSection
	GlobalSection(SolutionProperties) = preSolution
		HideSolutionNode = FALSE
	EndGlobalSection
	GlobalSection(ExtensibilityGlobals) = postSolution
		SolutionGuid = {F0BF86DD-4292-4A8A-BE2F-2500B71EC2A7}
	EndGlobalSection
EndGlobal
