
Microsoft Visual Studio Solution File, Format Version 12.00
# Visual Studio Version 17
VisualStudioVersion = 17.9.34607.119
MinimumVisualStudioVersion = 10.0.40219.1
Project("{FAE04EC0-301F-11D3-BF4B-00C04F79EFBC}") = "tamrin 1", "tamrin 1\tamrin 1.csproj", "{ACD288EF-E8E3-4A1D-8D7E-A8C6F0898D32}"
EndProject
Global
	GlobalSection(SolutionConfigurationPlatforms) = preSolution
		Debug|Any CPU = Debug|Any CPU
		Release|Any CPU = Release|Any CPU
	EndGlobalSection
	GlobalSection(ProjectConfigurationPlatforms) = postSolution
		{ACD288EF-E8E3-4A1D-8D7E-A8C6F0898D32}.Debug|Any CPU.ActiveCfg = Debug|Any CPU
		{ACD288EF-E8E3-4A1D-8D7E-A8C6F0898D32}.Debug|Any CPU.Build.0 = Debug|Any CPU
		{ACD288EF-E8E3-4A1D-8D7E-A8C6F0898D32}.Release|Any CPU.ActiveCfg = Release|Any CPU
		{ACD288EF-E8E3-4A1D-8D7E-A8C6F0898D32}.Release|Any CPU.Build.0 = Release|Any CPU
	EndGlobalSection
	GlobalSection(SolutionProperties) = preSolution
		HideSolutionNode = FALSE
	EndGlobalSection
	GlobalSection(ExtensibilityGlobals) = postSolution
		SolutionGuid = {3591B0C5-1AF3-4AE7-957F-85F4E90BE8B8}
	EndGlobalSection
EndGlobal
