
Microsoft Visual Studio Solution File, Format Version 12.00
# Visual Studio Version 17
VisualStudioVersion = 17.9.34607.119
MinimumVisualStudioVersion = 10.0.40219.1
Project("{FAE04EC0-301F-11D3-BF4B-00C04F79EFBC}") = "tamrin 4-25", "tamrin 4-25\tamrin 4-25.csproj", "{376F37F5-8E27-444C-B782-1BA79F616E55}"
EndProject
Global
	GlobalSection(SolutionConfigurationPlatforms) = preSolution
		Debug|Any CPU = Debug|Any CPU
		Release|Any CPU = Release|Any CPU
	EndGlobalSection
	GlobalSection(ProjectConfigurationPlatforms) = postSolution
		{376F37F5-8E27-444C-B782-1BA79F616E55}.Debug|Any CPU.ActiveCfg = Debug|Any CPU
		{376F37F5-8E27-444C-B782-1BA79F616E55}.Debug|Any CPU.Build.0 = Debug|Any CPU
		{376F37F5-8E27-444C-B782-1BA79F616E55}.Release|Any CPU.ActiveCfg = Release|Any CPU
		{376F37F5-8E27-444C-B782-1BA79F616E55}.Release|Any CPU.Build.0 = Release|Any CPU
	EndGlobalSection
	GlobalSection(SolutionProperties) = preSolution
		HideSolutionNode = FALSE
	EndGlobalSection
	GlobalSection(ExtensibilityGlobals) = postSolution
		SolutionGuid = {E098BC87-D42F-42F0-B922-D6602B574638}
	EndGlobalSection
EndGlobal
