
Microsoft Visual Studio Solution File, Format Version 12.00
# Visual Studio Version 17
VisualStudioVersion = 17.9.34607.119
MinimumVisualStudioVersion = 10.0.40219.1
Project("{FAE04EC0-301F-11D3-BF4B-00C04F79EFBC}") = "tamrin 2-7", "tamrin 2-7\tamrin 2-7.csproj", "{072520D5-EC67-4BAF-9FFC-8D4D8116E327}"
EndProject
Global
	GlobalSection(SolutionConfigurationPlatforms) = preSolution
		Debug|Any CPU = Debug|Any CPU
		Release|Any CPU = Release|Any CPU
	EndGlobalSection
	GlobalSection(ProjectConfigurationPlatforms) = postSolution
		{072520D5-EC67-4BAF-9FFC-8D4D8116E327}.Debug|Any CPU.ActiveCfg = Debug|Any CPU
		{072520D5-EC67-4BAF-9FFC-8D4D8116E327}.Debug|Any CPU.Build.0 = Debug|Any CPU
		{072520D5-EC67-4BAF-9FFC-8D4D8116E327}.Release|Any CPU.ActiveCfg = Release|Any CPU
		{072520D5-EC67-4BAF-9FFC-8D4D8116E327}.Release|Any CPU.Build.0 = Release|Any CPU
	EndGlobalSection
	GlobalSection(SolutionProperties) = preSolution
		HideSolutionNode = FALSE
	EndGlobalSection
	GlobalSection(ExtensibilityGlobals) = postSolution
		SolutionGuid = {1CCC610A-C59F-410C-93A7-073105FE59C7}
	EndGlobalSection
EndGlobal
