
Microsoft Visual Studio Solution File, Format Version 12.00
# Visual Studio Version 17
VisualStudioVersion = 17.9.34607.119
MinimumVisualStudioVersion = 10.0.40219.1
Project("{FAE04EC0-301F-11D3-BF4B-00C04F79EFBC}") = "Tamrin 2-4", "Tamrin 2-4\Tamrin 2-4.csproj", "{3C44B77E-BA3D-4DC2-A452-9E7895CBB5C9}"
EndProject
Global
	GlobalSection(SolutionConfigurationPlatforms) = preSolution
		Debug|Any CPU = Debug|Any CPU
		Release|Any CPU = Release|Any CPU
	EndGlobalSection
	GlobalSection(ProjectConfigurationPlatforms) = postSolution
		{3C44B77E-BA3D-4DC2-A452-9E7895CBB5C9}.Debug|Any CPU.ActiveCfg = Debug|Any CPU
		{3C44B77E-BA3D-4DC2-A452-9E7895CBB5C9}.Debug|Any CPU.Build.0 = Debug|Any CPU
		{3C44B77E-BA3D-4DC2-A452-9E7895CBB5C9}.Release|Any CPU.ActiveCfg = Release|Any CPU
		{3C44B77E-BA3D-4DC2-A452-9E7895CBB5C9}.Release|Any CPU.Build.0 = Release|Any CPU
	EndGlobalSection
	GlobalSection(SolutionProperties) = preSolution
		HideSolutionNode = FALSE
	EndGlobalSection
	GlobalSection(ExtensibilityGlobals) = postSolution
		SolutionGuid = {49AF0B76-E4ED-4B17-8472-40CDE9D047E5}
	EndGlobalSection
EndGlobal
