
Microsoft Visual Studio Solution File, Format Version 12.00
# Visual Studio Version 17
VisualStudioVersion = 17.9.34607.119
MinimumVisualStudioVersion = 10.0.40219.1
Project("{FAE04EC0-301F-11D3-BF4B-00C04F79EFBC}") = "tamrin 4-34", "tamrin 4-34\tamrin 4-34.csproj", "{5580B38E-A04A-4557-B6AF-4BE9CA0517E4}"
EndProject
Global
	GlobalSection(SolutionConfigurationPlatforms) = preSolution
		Debug|Any CPU = Debug|Any CPU
		Release|Any CPU = Release|Any CPU
	EndGlobalSection
	GlobalSection(ProjectConfigurationPlatforms) = postSolution
		{5580B38E-A04A-4557-B6AF-4BE9CA0517E4}.Debug|Any CPU.ActiveCfg = Debug|Any CPU
		{5580B38E-A04A-4557-B6AF-4BE9CA0517E4}.Debug|Any CPU.Build.0 = Debug|Any CPU
		{5580B38E-A04A-4557-B6AF-4BE9CA0517E4}.Release|Any CPU.ActiveCfg = Release|Any CPU
		{5580B38E-A04A-4557-B6AF-4BE9CA0517E4}.Release|Any CPU.Build.0 = Release|Any CPU
	EndGlobalSection
	GlobalSection(SolutionProperties) = preSolution
		HideSolutionNode = FALSE
	EndGlobalSection
	GlobalSection(ExtensibilityGlobals) = postSolution
		SolutionGuid = {34CEEC1A-1574-4236-A09F-462A10C6AEDE}
	EndGlobalSection
EndGlobal
